
Microsoft Visual Studio Solution File, Format Version 12.00
# Visual Studio 14
VisualStudioVersion = 14.0.25420.1
MinimumVisualStudioVersion = 10.0.40219.1
Project("{FAE04EC0-301F-11D3-BF4B-00C04F79EFBC}") = "IcatuzinhoApp", "IcatuzinhoApp\IcatuzinhoApp\IcatuzinhoApp.csproj", "{F86B23CA-3C42-4D8D-99DD-7D6C165848CB}"
EndProject
Project("{FAE04EC0-301F-11D3-BF4B-00C04F79EFBC}") = "IcatuzinhoApp.Droid", "IcatuzinhoApp\IcatuzinhoApp.Droid\IcatuzinhoApp.Droid.csproj", "{9299D7F5-A43D-4D0A-9D87-6E27E9A21BEA}"
EndProject
Project("{FAE04EC0-301F-11D3-BF4B-00C04F79EFBC}") = "IcatuzinhoApp.iOS", "IcatuzinhoApp\IcatuzinhoApp.iOS\IcatuzinhoApp.iOS.csproj", "{0039F0EA-7828-4B59-A710-E800A6A50DDF}"
EndProject
Global
	GlobalSection(SolutionConfigurationPlatforms) = preSolution
		Ad-Hoc|Any CPU = Ad-Hoc|Any CPU
		Ad-Hoc|iPhone = Ad-Hoc|iPhone
		Ad-Hoc|iPhoneSimulator = Ad-Hoc|iPhoneSimulator
		AppStore|Any CPU = AppStore|Any CPU
		AppStore|iPhone = AppStore|iPhone
		AppStore|iPhoneSimulator = AppStore|iPhoneSimulator
		Debug|Any CPU = Debug|Any CPU
		Debug|iPhone = Debug|iPhone
		Debug|iPhoneSimulator = Debug|iPhoneSimulator
		Release|Any CPU = Release|Any CPU
		Release|iPhone = Release|iPhone
		Release|iPhoneSimulator = Release|iPhoneSimulator
	EndGlobalSection
	GlobalSection(ProjectConfigurationPlatforms) = postSolution
		{F86B23CA-3C42-4D8D-99DD-7D6C165848CB}.Ad-Hoc|Any CPU.ActiveCfg = Release|Any CPU
		{F86B23CA-3C42-4D8D-99DD-7D6C165848CB}.Ad-Hoc|Any CPU.Build.0 = Release|Any CPU
		{F86B23CA-3C42-4D8D-99DD-7D6C165848CB}.Ad-Hoc|iPhone.ActiveCfg = Release|Any CPU
		{F86B23CA-3C42-4D8D-99DD-7D6C165848CB}.Ad-Hoc|iPhone.Build.0 = Release|Any CPU
		{F86B23CA-3C42-4D8D-99DD-7D6C165848CB}.Ad-Hoc|iPhoneSimulator.ActiveCfg = Release|Any CPU
		{F86B23CA-3C42-4D8D-99DD-7D6C165848CB}.Ad-Hoc|iPhoneSimulator.Build.0 = Release|Any CPU
		{F86B23CA-3C42-4D8D-99DD-7D6C165848CB}.AppStore|Any CPU.ActiveCfg = Release|Any CPU
		{F86B23CA-3C42-4D8D-99DD-7D6C165848CB}.AppStore|Any CPU.Build.0 = Release|Any CPU
		{F86B23CA-3C42-4D8D-99DD-7D6C165848CB}.AppStore|iPhone.ActiveCfg = Release|Any CPU
		{F86B23CA-3C42-4D8D-99DD-7D6C165848CB}.AppStore|iPhone.Build.0 = Release|Any CPU
		{F86B23CA-3C42-4D8D-99DD-7D6C165848CB}.AppStore|iPhoneSimulator.ActiveCfg = Release|Any CPU
		{F86B23CA-3C42-4D8D-99DD-7D6C165848CB}.AppStore|iPhoneSimulator.Build.0 = Release|Any CPU
		{F86B23CA-3C42-4D8D-99DD-7D6C165848CB}.Debug|Any CPU.ActiveCfg = Debug|Any CPU
		{F86B23CA-3C42-4D8D-99DD-7D6C165848CB}.Debug|Any CPU.Build.0 = Debug|Any CPU
		{F86B23CA-3C42-4D8D-99DD-7D6C165848CB}.Debug|iPhone.ActiveCfg = Debug|Any CPU
		{F86B23CA-3C42-4D8D-99DD-7D6C165848CB}.Debug|iPhone.Build.0 = Debug|Any CPU
		{F86B23CA-3C42-4D8D-99DD-7D6C165848CB}.Debug|iPhoneSimulator.ActiveCfg = Debug|Any CPU
		{F86B23CA-3C42-4D8D-99DD-7D6C165848CB}.Debug|iPhoneSimulator.Build.0 = Debug|Any CPU
		{F86B23CA-3C42-4D8D-99DD-7D6C165848CB}.Release|Any CPU.ActiveCfg = Release|Any CPU
		{F86B23CA-3C42-4D8D-99DD-7D6C165848CB}.Release|Any CPU.Build.0 = Release|Any CPU
		{F86B23CA-3C42-4D8D-99DD-7D6C165848CB}.Release|iPhone.ActiveCfg = Release|Any CPU
		{F86B23CA-3C42-4D8D-99DD-7D6C165848CB}.Release|iPhone.Build.0 = Release|Any CPU
		{F86B23CA-3C42-4D8D-99DD-7D6C165848CB}.Release|iPhoneSimulator.ActiveCfg = Release|Any CPU
		{F86B23CA-3C42-4D8D-99DD-7D6C165848CB}.Release|iPhoneSimulator.Build.0 = Release|Any CPU
		{9299D7F5-A43D-4D0A-9D87-6E27E9A21BEA}.Ad-Hoc|Any CPU.ActiveCfg = Release|Any CPU
		{9299D7F5-A43D-4D0A-9D87-6E27E9A21BEA}.Ad-Hoc|Any CPU.Build.0 = Release|Any CPU
		{9299D7F5-A43D-4D0A-9D87-6E27E9A21BEA}.Ad-Hoc|Any CPU.Deploy.0 = Release|Any CPU
		{9299D7F5-A43D-4D0A-9D87-6E27E9A21BEA}.Ad-Hoc|iPhone.ActiveCfg = Release|Any CPU
		{9299D7F5-A43D-4D0A-9D87-6E27E9A21BEA}.Ad-Hoc|iPhone.Build.0 = Release|Any CPU
		{9299D7F5-A43D-4D0A-9D87-6E27E9A21BEA}.Ad-Hoc|iPhone.Deploy.0 = Release|Any CPU
		{9299D7F5-A43D-4D0A-9D87-6E27E9A21BEA}.Ad-Hoc|iPhoneSimulator.ActiveCfg = Release|Any CPU
		{9299D7F5-A43D-4D0A-9D87-6E27E9A21BEA}.Ad-Hoc|iPhoneSimulator.Build.0 = Release|Any CPU
		{9299D7F5-A43D-4D0A-9D87-6E27E9A21BEA}.Ad-Hoc|iPhoneSimulator.Deploy.0 = Release|Any CPU
		{9299D7F5-A43D-4D0A-9D87-6E27E9A21BEA}.AppStore|Any CPU.ActiveCfg = Release|Any CPU
		{9299D7F5-A43D-4D0A-9D87-6E27E9A21BEA}.AppStore|Any CPU.Build.0 = Release|Any CPU
		{9299D7F5-A43D-4D0A-9D87-6E27E9A21BEA}.AppStore|Any CPU.Deploy.0 = Release|Any CPU
		{9299D7F5-A43D-4D0A-9D87-6E27E9A21BEA}.AppStore|iPhone.ActiveCfg = Release|Any CPU
		{9299D7F5-A43D-4D0A-9D87-6E27E9A21BEA}.AppStore|iPhone.Build.0 = Release|Any CPU
		{9299D7F5-A43D-4D0A-9D87-6E27E9A21BEA}.AppStore|iPhone.Deploy.0 = Release|Any CPU
		{9299D7F5-A43D-4D0A-9D87-6E27E9A21BEA}.AppStore|iPhoneSimulator.ActiveCfg = Release|Any CPU
		{9299D7F5-A43D-4D0A-9D87-6E27E9A21BEA}.AppStore|iPhoneSimulator.Build.0 = Release|Any CPU
		{9299D7F5-A43D-4D0A-9D87-6E27E9A21BEA}.AppStore|iPhoneSimulator.Deploy.0 = Release|Any CPU
		{9299D7F5-A43D-4D0A-9D87-6E27E9A21BEA}.Debug|Any CPU.ActiveCfg = Debug|Any CPU
		{9299D7F5-A43D-4D0A-9D87-6E27E9A21BEA}.Debug|Any CPU.Build.0 = Debug|Any CPU
		{9299D7F5-A43D-4D0A-9D87-6E27E9A21BEA}.Debug|Any CPU.Deploy.0 = Debug|Any CPU
		{9299D7F5-A43D-4D0A-9D87-6E27E9A21BEA}.Debug|iPhone.ActiveCfg = Debug|Any CPU
		{9299D7F5-A43D-4D0A-9D87-6E27E9A21BEA}.Debug|iPhone.Build.0 = Debug|Any CPU
		{9299D7F5-A43D-4D0A-9D87-6E27E9A21BEA}.Debug|iPhone.Deploy.0 = Debug|Any CPU
		{9299D7F5-A43D-4D0A-9D87-6E27E9A21BEA}.Debug|iPhoneSimulator.ActiveCfg = Debug|Any CPU
		{9299D7F5-A43D-4D0A-9D87-6E27E9A21BEA}.Debug|iPhoneSimulator.Build.0 = Debug|Any CPU
		{9299D7F5-A43D-4D0A-9D87-6E27E9A21BEA}.Debug|iPhoneSimulator.Deploy.0 = Debug|Any CPU
		{9299D7F5-A43D-4D0A-9D87-6E27E9A21BEA}.Release|Any CPU.ActiveCfg = Release|Any CPU
		{9299D7F5-A43D-4D0A-9D87-6E27E9A21BEA}.Release|Any CPU.Build.0 = Release|Any CPU
		{9299D7F5-A43D-4D0A-9D87-6E27E9A21BEA}.Release|Any CPU.Deploy.0 = Release|Any CPU
		{9299D7F5-A43D-4D0A-9D87-6E27E9A21BEA}.Release|iPhone.ActiveCfg = Release|Any CPU
		{9299D7F5-A43D-4D0A-9D87-6E27E9A21BEA}.Release|iPhone.Build.0 = Release|Any CPU
		{9299D7F5-A43D-4D0A-9D87-6E27E9A21BEA}.Release|iPhone.Deploy.0 = Release|Any CPU
		{9299D7F5-A43D-4D0A-9D87-6E27E9A21BEA}.Release|iPhoneSimulator.ActiveCfg = Release|Any CPU
		{9299D7F5-A43D-4D0A-9D87-6E27E9A21BEA}.Release|iPhoneSimulator.Build.0 = Release|Any CPU
		{9299D7F5-A43D-4D0A-9D87-6E27E9A21BEA}.Release|iPhoneSimulator.Deploy.0 = Release|Any CPU
		{0039F0EA-7828-4B59-A710-E800A6A50DDF}.Ad-Hoc|Any CPU.ActiveCfg = Ad-Hoc|iPhone
		{0039F0EA-7828-4B59-A710-E800A6A50DDF}.Ad-Hoc|iPhone.ActiveCfg = Ad-Hoc|iPhone
		{0039F0EA-7828-4B59-A710-E800A6A50DDF}.Ad-Hoc|iPhone.Build.0 = Ad-Hoc|iPhone
		{0039F0EA-7828-4B59-A710-E800A6A50DDF}.Ad-Hoc|iPhoneSimulator.ActiveCfg = Ad-Hoc|iPhoneSimulator
		{0039F0EA-7828-4B59-A710-E800A6A50DDF}.Ad-Hoc|iPhoneSimulator.Build.0 = Ad-Hoc|iPhoneSimulator
		{0039F0EA-7828-4B59-A710-E800A6A50DDF}.AppStore|Any CPU.ActiveCfg = AppStore|iPhone
		{0039F0EA-7828-4B59-A710-E800A6A50DDF}.AppStore|iPhone.ActiveCfg = AppStore|iPhone
		{0039F0EA-7828-4B59-A710-E800A6A50DDF}.AppStore|iPhone.Build.0 = AppStore|iPhone
		{0039F0EA-7828-4B59-A710-E800A6A50DDF}.AppStore|iPhoneSimulator.ActiveCfg = AppStore|iPhoneSimulator
		{0039F0EA-7828-4B59-A710-E800A6A50DDF}.AppStore|iPhoneSimulator.Build.0 = AppStore|iPhoneSimulator
		{0039F0EA-7828-4B59-A710-E800A6A50DDF}.Debug|Any CPU.ActiveCfg = Debug|iPhone
		{0039F0EA-7828-4B59-A710-E800A6A50DDF}.Debug|iPhone.ActiveCfg = Debug|iPhone
		{0039F0EA-7828-4B59-A710-E800A6A50DDF}.Debug|iPhone.Build.0 = Debug|iPhone
		{0039F0EA-7828-4B59-A710-E800A6A50DDF}.Debug|iPhoneSimulator.ActiveCfg = Debug|iPhoneSimulator
		{0039F0EA-7828-4B59-A710-E800A6A50DDF}.Debug|iPhoneSimulator.Build.0 = Debug|iPhoneSimulator
		{0039F0EA-7828-4B59-A710-E800A6A50DDF}.Release|Any CPU.ActiveCfg = Release|iPhone
		{0039F0EA-7828-4B59-A710-E800A6A50DDF}.Release|iPhone.ActiveCfg = Release|iPhone
		{0039F0EA-7828-4B59-A710-E800A6A50DDF}.Release|iPhone.Build.0 = Release|iPhone
		{0039F0EA-7828-4B59-A710-E800A6A50DDF}.Release|iPhoneSimulator.ActiveCfg = Release|iPhoneSimulator
		{0039F0EA-7828-4B59-A710-E800A6A50DDF}.Release|iPhoneSimulator.Build.0 = Release|iPhoneSimulator
	EndGlobalSection
	GlobalSection(SolutionProperties) = preSolution
		HideSolutionNode = FALSE
	EndGlobalSection
EndGlobal
